// !$*UTF8*$!
{
	archiveVersion = 1;
	classes = {
	};
	objectVersion = 46;
	objects = {

		9F30ABA16227A4465EBC8706 = {isa = PBXBuildFile; fileRef = 4F7D0CF2B69052F28697E378; };
		D24C24A9695927EC321F4DB7 = {isa = PBXBuildFile; fileRef = B8CD9E2F3F39050421D790E2; };
		E0B6CC6351F1D5D2011A3A11 = {isa = PBXBuildFile; fileRef = 1F2D84D7D243B92AE47902C4; };
		C8B0A4060370A7A07B2965DE = {isa = PBXBuildFile; fileRef = 6DF4622C01AA6D5AB6FB2462; };
		78A4B5357A1C9733D35EE98D = {isa = PBXBuildFile; fileRef = 4DD5297841FCCF7A43E58ABD; };
		ECA6B7F07D80E537B4003886 = {isa = PBXBuildFile; fileRef = D2E8487C1C6D420EF3F63F5C; };
		866F94F5FCECD60FE4E0BD5E = {isa = PBXBuildFile; fileRef = 9C70D26640BC078BC11B7968; };
		1CF017090EDDBCDAABFD033D = {isa = PBXBuildFile; fileRef = 12B870181757D0A656F6F4A1; };
		F0B293B009C48B6D3FACC603 = {isa = PBXBuildFile; fileRef = F79A7704913D53B6BB42F70C; };
		052CF6C7AE9D18B4E92E3CD3 = {isa = PBXBuildFile; fileRef = C0D98522372167F27FF2B3BA; };
		98319A08D5B175E7D67C9774 = {isa = PBXBuildFile; fileRef = 80D7D9EEDD69A22F04FF53D0; };
		42B6A16E10C5D38A012E71EB = {isa = PBXBuildFile; fileRef = FCBFE4DCF01172FDC6E56810; };
		46BC67E8824D52DC498FE2FF = {isa = PBXBuildFile; fileRef = 425E6554D4CAAF76F29322C5; };
		8756349EF9E45F4D8E88ADF4 = {isa = PBXBuildFile; fileRef = 0211764E5B8DEA6C6BBE4B6D; };
		44FEFFE85D44E3015A45BB29 = {isa = PBXBuildFile; fileRef = 8111D442DA1170EB777A44C1; };
		3A7432A36A9DD5A1444603B5 = {isa = PBXBuildFile; fileRef = C40C476CEBBAAD8D01519A28; };
		8AA4A2206A9135E9B05C0A5A = {isa = PBXBuildFile; fileRef = 251F383AC4A9FE2BC0FBFC2D; };
		1C1F7FFBD2DA5C1EED426B83 = {isa = PBXBuildFile; fileRef = EA97DF588E601F569BF75FA4; };
		7CC11F732B9D19F481E74D21 = {isa = PBXBuildFile; fileRef = FBE73682E69F31CAE3485969; };
		EE28EDD916EBA99216BB7FF8 = {isa = PBXBuildFile; fileRef = 18EBAD5463DDF294A1710FD5; };
		C82923DFD5CB384189753FD6 = {isa = PBXBuildFile; fileRef = 350C7EA7E66962C0E30C5C10; };
		AF44FB4D7F972B5FE7742A91 = {isa = PBXBuildFile; fileRef = 8C6FC6577B70583EBAE6873F; };
		C21CA4E31FDFD43C29EF162F = {isa = PBXBuildFile; fileRef = D9F99E763196FDFD6924820B; };
		C2184AFC2D2CA7595638A945 = {isa = PBXBuildFile; fileRef = 635AE907921F7C8DDAD9F7C1; };
		1CE7DD5F794E05425932EE05 = {isa = PBXBuildFile; fileRef = 37E0B80FB642FFF9C68E565C; };
		77A0A4784864E401C7E4ED63 = {isa = PBXBuildFile; fileRef = 97957B456884B69E5E082B6B; };
		C2B0EB52AB599B3F3E624AA5 = {isa = PBXBuildFile; fileRef = 4658E0851849A2177343AEC2; };
		F6DBE9182E63D32F6DB97864 = {isa = PBXBuildFile; fileRef = BE921D4160A71AAF1E5D12B9; };
		AC630EF3827A80EBED8C08A7 = {isa = PBXBuildFile; fileRef = 3601007D26AF1EAA0CB1BDCB; };
		D7F53D13B614F5C46A7560ED = {isa = PBXBuildFile; fileRef = 41C0D4589821381320EFE4B3; };
		BCD2F6ACC8FF6ECA0B2A9738 = {isa = PBXBuildFile; fileRef = FDF64463E5186D9445B67705; };
		08B380457CDE54113B7CE72F = {isa = PBXBuildFile; fileRef = 9F3F1CD110B1993820BF7C42; };
		4689221A1FCE2679C09830F6 = {isa = PBXBuildFile; fileRef = E5985845911A1BD56975BB88; };
		3D2AAD6C7034746C165FB3C1 = {isa = PBXBuildFile; fileRef = C1BDA9153DAE13D77C6A57D1; };
		ECB06B2F5CE4F14B11DBC275 = {isa = PBXBuildFile; fileRef = 1238C3D46289E96940FBCEF5; };
		52BEBC0FF11082FA4EFEB958 = {isa = PBXBuildFile; fileRef = 7F76B0D1C1769BD1837077F3; };
		EF6F4B33271538F466A3BFEE = {isa = PBXBuildFile; fileRef = 7D6284F2E5AA1274BF5A2ADA; };
		C86E63FCCBAB8A248E1E8B5F = {isa = PBXBuildFile; fileRef = FDA722E8F022BDB2F15FFB80; };
		6EE9E1F8D97884DD868C9EA1 = {isa = PBXBuildFile; fileRef = BBE0F78BCEE32D81018CE221; };
		AE0987FAC8C792525F2A8081 = {isa = PBXBuildFile; fileRef = 87E404AEC34E518B95C1992E; };
		972B8A5EC576A8A0E49CF151 = {isa = PBXBuildFile; fileRef = A80F94DF7BD898CD3CCB5BC3; };
		0211764E5B8DEA6C6BBE4B6D = {isa = PBXFileReference; lastKnownFileType = wrapper.framework; name = OpenGL.framework; path = System/Library/Frameworks/OpenGL.framework; sourceTree = SDKROOT; };
		0C266DC4FAFEB570188CDC71 = {isa = PBXFileReference; lastKnownFileType = file; name = "juce_audio_formats"; path = "/Users/christian_white/Downloads/JUCE/modules/juce_audio_formats"; sourceTree = "<absolute>"; };
		1238C3D46289E96940FBCEF5 = {isa = PBXFileReference; lastKnownFileType = sourcecode.cpp.objcpp; name = "include_juce_data_structures.mm"; path = "../../JuceLibraryCode/include_juce_data_structures.mm"; sourceTree = "SOURCE_ROOT"; };
		12B870181757D0A656F6F4A1 = {isa = PBXFileReference; lastKnownFileType = wrapper.framework; name = Cocoa.framework; path = System/Library/Frameworks/Cocoa.framework; sourceTree = SDKROOT; };
		130F46C111B726E77B98AE8B = {isa = PBXFileReference; lastKnownFileType = file; name = "juce_core"; path = "/Users/christian_white/Downloads/JUCE/modules/juce_core"; sourceTree = "<absolute>"; };
		18EBAD5463DDF294A1710FD5 = {isa = PBXFileReference; lastKnownFileType = sourcecode.c.h; name = WaveformEditor.hpp; path = ../../Source/WaveformEditor.hpp; sourceTree = "SOURCE_ROOT"; };
		1C92B5A5CE33AFE99E83C4DF = {isa = PBXFileReference; lastKnownFileType = sourcecode.c.h; name = PluginProcessor.h; path = ../../Source/PluginProcessor.h; sourceTree = "SOURCE_ROOT"; };
		1F2D84D7D243B92AE47902C4 = {isa = PBXFileReference; lastKnownFileType = wrapper.framework; name = Accelerate.framework; path = System/Library/Frameworks/Accelerate.framework; sourceTree = SDKROOT; };
		251F383AC4A9FE2BC0FBFC2D = {isa = PBXFileReference; lastKnownFileType = file.nib; name = RecentFilesMenuTemplate.nib; path = RecentFilesMenuTemplate.nib; sourceTree = "SOURCE_ROOT"; };
		27C5899EE72EAA20617E93CC = {isa = PBXFileReference; lastKnownFileType = sourcecode.c.h; name = AppConfig.h; path = ../../JuceLibraryCode/AppConfig.h; sourceTree = "SOURCE_ROOT"; };
		2D6485B0E879111ED6424B83 = {isa = PBXFileReference; lastKnownFileType = sourcecode.c.h; name = MarkerDragger.h; path = ../../../.Trash/MarkerDragger.h; sourceTree = "SOURCE_ROOT"; };
		2F9610763069FCB2533C2791 = {isa = PBXFileReference; lastKnownFileType = text.plist.xml; name = "Info-VST.plist"; path = "Info-VST.plist"; sourceTree = "SOURCE_ROOT"; };
		350C7EA7E66962C0E30C5C10 = {isa = PBXFileReference; lastKnownFileType = sourcecode.cpp.cpp; name = frontend.cpp; path = ../../Source/frontend.cpp; sourceTree = "SOURCE_ROOT"; };
		3601007D26AF1EAA0CB1BDCB = {isa = PBXFileReference; lastKnownFileType = sourcecode.cpp.objcpp; name = "include_juce_audio_plugin_client_VST_utils.mm"; path = "../../JuceLibraryCode/include_juce_audio_plugin_client_VST_utils.mm"; sourceTree = "SOURCE_ROOT"; };
		37E0B80FB642FFF9C68E565C = {isa = PBXFileReference; lastKnownFileType = sourcecode.cpp.objcpp; name = "include_juce_audio_basics.mm"; path = "../../JuceLibraryCode/include_juce_audio_basics.mm"; sourceTree = "SOURCE_ROOT"; };
		382252D5CC31B67395093C3D = {isa = PBXFileReference; lastKnownFileType = file; name = "juce_gui_extra"; path = "/Users/christian_white/Downloads/JUCE/modules/juce_gui_extra"; sourceTree = "<absolute>"; };
		3F783E15050988B4820484F5 = {isa = PBXFileReference; lastKnownFileType = file; name = "juce_audio_plugin_client"; path = "/Users/christian_white/Downloads/JUCE/modules/juce_audio_plugin_client"; sourceTree = "<absolute>"; };
		41C0D4589821381320EFE4B3 = {isa = PBXFileReference; lastKnownFileType = sourcecode.cpp.cpp; name = "include_juce_audio_plugin_client_VST2.cpp"; path = "../../JuceLibraryCode/include_juce_audio_plugin_client_VST2.cpp"; sourceTree = "SOURCE_ROOT"; };
		425E6554D4CAAF76F29322C5 = {isa = PBXFileReference; lastKnownFileType = wrapper.framework; name = IOKit.framework; path = System/Library/Frameworks/IOKit.framework; sourceTree = SDKROOT; };
		4658E0851849A2177343AEC2 = {isa = PBXFileReference; lastKnownFileType = sourcecode.cpp.objcpp; name = "include_juce_audio_formats.mm"; path = "../../JuceLibraryCode/include_juce_audio_formats.mm"; sourceTree = "SOURCE_ROOT"; };
		498C8D8123ED33CB60186A59 = {isa = PBXFileReference; lastKnownFileType = text.plist.xml; name = Simpler.entitlements; path = Simpler.entitlements; sourceTree = "SOURCE_ROOT"; };
		4DD5297841FCCF7A43E58ABD = {isa = PBXFileReference; lastKnownFileType = wrapper.framework; name = AVFoundation.framework; path = System/Library/Frameworks/AVFoundation.framework; sourceTree = SDKROOT; };
		4E82A83C7150E460358C29FF = {isa = PBXFileReference; lastKnownFileType = file; name = "juce_graphics"; path = "/Users/christian_white/Downloads/JUCE/modules/juce_graphics"; sourceTree = "<absolute>"; };
		4F7D0CF2B69052F28697E378 = {isa = PBXFileReference; explicitFileType = wrapper.cfbundle; includeInIndex = 0; path = Simpler.vst; sourceTree = "BUILT_PRODUCTS_DIR"; };
		531ED2C39EAE67DC2B914C86 = {isa = PBXFileReference; lastKnownFileType = file; name = "juce_audio_basics"; path = "/Users/christian_white/Downloads/JUCE/modules/juce_audio_basics"; sourceTree = "<absolute>"; };
		5F95A4B7B87A3121569C47B6 = {isa = PBXFileReference; lastKnownFileType = sourcecode.c.h; name = frontend.h; path = ../../Source/frontend.h; sourceTree = "SOURCE_ROOT"; };
		635AE907921F7C8DDAD9F7C1 = {isa = PBXFileReference; lastKnownFileType = sourcecode.cpp.cpp; name = Tag.cpp; path = ../../Source/Tag.cpp; sourceTree = "SOURCE_ROOT"; };
		6DF4622C01AA6D5AB6FB2462 = {isa = PBXFileReference; lastKnownFileType = wrapper.framework; name = AudioToolbox.framework; path = System/Library/Frameworks/AudioToolbox.framework; sourceTree = SDKROOT; };
		71908A62527C6471C1809F79 = {isa = PBXFileReference; lastKnownFileType = file; name = "juce_audio_utils"; path = "/Users/christian_white/Downloads/JUCE/modules/juce_audio_utils"; sourceTree = "<absolute>"; };
		7D6284F2E5AA1274BF5A2ADA = {isa = PBXFileReference; lastKnownFileType = sourcecode.cpp.objcpp; name = "include_juce_graphics.mm"; path = "../../JuceLibraryCode/include_juce_graphics.mm"; sourceTree = "SOURCE_ROOT"; };
		7F76B0D1C1769BD1837077F3 = {isa = PBXFileReference; lastKnownFileType = sourcecode.cpp.objcpp; name = "include_juce_events.mm"; path = "../../JuceLibraryCode/include_juce_events.mm"; sourceTree = "SOURCE_ROOT"; };
		80D7D9EEDD69A22F04FF53D0 = {isa = PBXFileReference; lastKnownFileType = wrapper.framework; name = CoreMIDI.framework; path = System/Library/Frameworks/CoreMIDI.framework; sourceTree = SDKROOT; };
		8111D442DA1170EB777A44C1 = {isa = PBXFileReference; lastKnownFileType = wrapper.framework; name = QuartzCore.framework; path = System/Library/Frameworks/QuartzCore.framework; sourceTree = SDKROOT; };
		87E404AEC34E518B95C1992E = {isa = PBXFileReference; lastKnownFileType = sourcecode.cpp.objcpp; name = "include_juce_opengl.mm"; path = "../../JuceLibraryCode/include_juce_opengl.mm"; sourceTree = "SOURCE_ROOT"; };
		8C6FC6577B70583EBAE6873F = {isa = PBXFileReference; lastKnownFileType = sourcecode.cpp.cpp; name = PluginEditor.cpp; path = ../../Source/PluginEditor.cpp; sourceTree = "SOURCE_ROOT"; };
		9010C18B728765D531E76665 = {isa = PBXFileReference; lastKnownFileType = file; name = "juce_gui_basics"; path = "/Users/christian_white/Downloads/JUCE/modules/juce_gui_basics"; sourceTree = "<absolute>"; };
		97957B456884B69E5E082B6B = {isa = PBXFileReference; lastKnownFileType = sourcecode.cpp.objcpp; name = "include_juce_audio_devices.mm"; path = "../../JuceLibraryCode/include_juce_audio_devices.mm"; sourceTree = "SOURCE_ROOT"; };
		99FB8FF94992D2A71A2E86D4 = {isa = PBXFileReference; lastKnownFileType = file; name = "juce_cryptography"; path = "/Users/christian_white/Downloads/JUCE/modules/juce_cryptography"; sourceTree = "<absolute>"; };
		9C70D26640BC078BC11B7968 = {isa = PBXFileReference; lastKnownFileType = wrapper.framework; name = Carbon.framework; path = System/Library/Frameworks/Carbon.framework; sourceTree = SDKROOT; };
		9E69CFDD5E1088D6E0D886FF = {isa = PBXFileReference; lastKnownFileType = file; name = "juce_audio_processors"; path = "/Users/christian_white/Downloads/JUCE/modules/juce_audio_processors"; sourceTree = "<absolute>"; };
		9F3F1CD110B1993820BF7C42 = {isa = PBXFileReference; lastKnownFileType = sourcecode.cpp.objcpp; name = "include_juce_audio_utils.mm"; path = "../../JuceLibraryCode/include_juce_audio_utils.mm"; sourceTree = "SOURCE_ROOT"; };
		A80F94DF7BD898CD3CCB5BC3 = {isa = PBXFileReference; lastKnownFileType = sourcecode.cpp.objcpp; name = "include_juce_video.mm"; path = "../../JuceLibraryCode/include_juce_video.mm"; sourceTree = "SOURCE_ROOT"; };
		B8CD9E2F3F39050421D790E2 = {isa = PBXFileReference; explicitFileType = archive.ar; includeInIndex = 0; path = libSimpler.a; sourceTree = "BUILT_PRODUCTS_DIR"; };
		BB5AFA67947772B069DA69AA = {isa = PBXFileReference; lastKnownFileType = file; name = "juce_video"; path = "/Users/christian_white/Downloads/JUCE/modules/juce_video"; sourceTree = "<absolute>"; };
		BBE0F78BCEE32D81018CE221 = {isa = PBXFileReference; lastKnownFileType = sourcecode.cpp.objcpp; name = "include_juce_gui_extra.mm"; path = "../../JuceLibraryCode/include_juce_gui_extra.mm"; sourceTree = "SOURCE_ROOT"; };
		BE921D4160A71AAF1E5D12B9 = {isa = PBXFileReference; lastKnownFileType = sourcecode.cpp.cpp; name = "include_juce_audio_plugin_client_utils.cpp"; path = "../../JuceLibraryCode/include_juce_audio_plugin_client_utils.cpp"; sourceTree = "SOURCE_ROOT"; };
		BFF3E4D623BFEE076B4439D7 = {isa = PBXFileReference; lastKnownFileType = file; name = "juce_opengl"; path = "/Users/christian_white/Downloads/JUCE/modules/juce_opengl"; sourceTree = "<absolute>"; };
		C0D98522372167F27FF2B3BA = {isa = PBXFileReference; lastKnownFileType = wrapper.framework; name = CoreMedia.framework; path = System/Library/Frameworks/CoreMedia.framework; sourceTree = SDKROOT; };
		C1BDA9153DAE13D77C6A57D1 = {isa = PBXFileReference; lastKnownFileType = sourcecode.cpp.objcpp; name = "include_juce_cryptography.mm"; path = "../../JuceLibraryCode/include_juce_cryptography.mm"; sourceTree = "SOURCE_ROOT"; };
		C40C476CEBBAAD8D01519A28 = {isa = PBXFileReference; lastKnownFileType = wrapper.framework; name = WebKit.framework; path = System/Library/Frameworks/WebKit.framework; sourceTree = SDKROOT; };
		CD3AFB83FC7DB1EF17A9E5D2 = {isa = PBXFileReference; lastKnownFileType = sourcecode.c.h; name = Tag.h; path = ../../Source/Tag.h; sourceTree = "SOURCE_ROOT"; };
		D2E8487C1C6D420EF3F63F5C = {isa = PBXFileReference; lastKnownFileType = wrapper.framework; name = AVKit.framework; path = System/Library/Frameworks/AVKit.framework; sourceTree = SDKROOT; };
		D7EDCC12ADE27BF0057D6A5C = {isa = PBXFileReference; lastKnownFileType = sourcecode.c.h; name = PluginEditor.h; path = ../../Source/PluginEditor.h; sourceTree = "SOURCE_ROOT"; };
		D82D1047D996471E2D14DC45 = {isa = PBXFileReference; lastKnownFileType = file; name = "juce_events"; path = "/Users/christian_white/Downloads/JUCE/modules/juce_events"; sourceTree = "<absolute>"; };
		D9F99E763196FDFD6924820B = {isa = PBXFileReference; lastKnownFileType = sourcecode.cpp.cpp; name = PluginProcessor.cpp; path = ../../Source/PluginProcessor.cpp; sourceTree = "SOURCE_ROOT"; };
		E285A14CC1BEDDA270C8939F = {isa = PBXFileReference; lastKnownFileType = file; name = "juce_data_structures"; path = "/Users/christian_white/Downloads/JUCE/modules/juce_data_structures"; sourceTree = "<absolute>"; };
		E5985845911A1BD56975BB88 = {isa = PBXFileReference; lastKnownFileType = sourcecode.cpp.objcpp; name = "include_juce_core.mm"; path = "../../JuceLibraryCode/include_juce_core.mm"; sourceTree = "SOURCE_ROOT"; };
		EA97DF588E601F569BF75FA4 = {isa = PBXFileReference; lastKnownFileType = sourcecode.cpp.cpp; name = MarkerDragger.cpp; path = ../../../.Trash/MarkerDragger.cpp; sourceTree = "SOURCE_ROOT"; };
		EB171B49B4506A2E30F7793E = {isa = PBXFileReference; lastKnownFileType = file; name = "juce_audio_devices"; path = "/Users/christian_white/Downloads/JUCE/modules/juce_audio_devices"; sourceTree = "<absolute>"; };
		F5AAC9D409B50FD90EF3EFD2 = {isa = PBXFileReference; lastKnownFileType = sourcecode.c.h; name = JuceHeader.h; path = ../../JuceLibraryCode/JuceHeader.h; sourceTree = "SOURCE_ROOT"; };
		F79A7704913D53B6BB42F70C = {isa = PBXFileReference; lastKnownFileType = wrapper.framework; name = CoreAudio.framework; path = System/Library/Frameworks/CoreAudio.framework; sourceTree = SDKROOT; };
		FBE73682E69F31CAE3485969 = {isa = PBXFileReference; lastKnownFileType = sourcecode.cpp.cpp; name = WaveformEditor.cpp; path = ../../Source/WaveformEditor.cpp; sourceTree = "SOURCE_ROOT"; };
		FCBFE4DCF01172FDC6E56810 = {isa = PBXFileReference; lastKnownFileType = wrapper.framework; name = DiscRecording.framework; path = System/Library/Frameworks/DiscRecording.framework; sourceTree = SDKROOT; };
		FDA722E8F022BDB2F15FFB80 = {isa = PBXFileReference; lastKnownFileType = sourcecode.cpp.objcpp; name = "include_juce_gui_basics.mm"; path = "../../JuceLibraryCode/include_juce_gui_basics.mm"; sourceTree = "SOURCE_ROOT"; };
		FDF64463E5186D9445B67705 = {isa = PBXFileReference; lastKnownFileType = sourcecode.cpp.objcpp; name = "include_juce_audio_processors.mm"; path = "../../JuceLibraryCode/include_juce_audio_processors.mm"; sourceTree = "SOURCE_ROOT"; };
		568ECBB97B4B1F713405180A = {isa = PBXGroup; children = (
					EA97DF588E601F569BF75FA4,
					2D6485B0E879111ED6424B83,
					FBE73682E69F31CAE3485969,
					350C7EA7E66962C0E30C5C10,
					5F95A4B7B87A3121569C47B6,
					8C6FC6577B70583EBAE6873F,
					D7EDCC12ADE27BF0057D6A5C,
					D9F99E763196FDFD6924820B,
					1C92B5A5CE33AFE99E83C4DF,
					635AE907921F7C8DDAD9F7C1,
					CD3AFB83FC7DB1EF17A9E5D2, ); name = Source; sourceTree = "<group>"; };
		D46046FAE8C84409A6FEDE1D = {isa = PBXGroup; children = (
					568ECBB97B4B1F713405180A, ); name = Simpler; sourceTree = "<group>"; };
		89D3B60DC4F2E48F3FC81533 = {isa = PBXGroup; children = (
					531ED2C39EAE67DC2B914C86,
					EB171B49B4506A2E30F7793E,
					0C266DC4FAFEB570188CDC71,
					3F783E15050988B4820484F5,
					9E69CFDD5E1088D6E0D886FF,
					71908A62527C6471C1809F79,
					130F46C111B726E77B98AE8B,
					99FB8FF94992D2A71A2E86D4,
					E285A14CC1BEDDA270C8939F,
					D82D1047D996471E2D14DC45,
					4E82A83C7150E460358C29FF,
					9010C18B728765D531E76665,
					382252D5CC31B67395093C3D,
					BFF3E4D623BFEE076B4439D7,
					BB5AFA67947772B069DA69AA, ); name = "JUCE Modules"; sourceTree = "<group>"; };
		95E305872677155DE0F5C114 = {isa = PBXGroup; children = (
					27C5899EE72EAA20617E93CC,
					37E0B80FB642FFF9C68E565C,
					97957B456884B69E5E082B6B,
					4658E0851849A2177343AEC2,
					BE921D4160A71AAF1E5D12B9,
					3601007D26AF1EAA0CB1BDCB,
					41C0D4589821381320EFE4B3,
					FDF64463E5186D9445B67705,
					9F3F1CD110B1993820BF7C42,
					E5985845911A1BD56975BB88,
					C1BDA9153DAE13D77C6A57D1,
					1238C3D46289E96940FBCEF5,
					7F76B0D1C1769BD1837077F3,
					7D6284F2E5AA1274BF5A2ADA,
					FDA722E8F022BDB2F15FFB80,
					BBE0F78BCEE32D81018CE221,
					87E404AEC34E518B95C1992E,
					A80F94DF7BD898CD3CCB5BC3,
					F5AAC9D409B50FD90EF3EFD2, ); name = "JUCE Library Code"; sourceTree = "<group>"; };
		F46ACEE8DA151FFBCA3B38D4 = {isa = PBXGroup; children = (
					2F9610763069FCB2533C2791,
					251F383AC4A9FE2BC0FBFC2D,
					18EBAD5463DDF294A1710FD5, ); name = Resources; sourceTree = "<group>"; };
		09AD32D75E2FEFACE6F2D240 = {isa = PBXGroup; children = (
					1F2D84D7D243B92AE47902C4,
					6DF4622C01AA6D5AB6FB2462,
					4DD5297841FCCF7A43E58ABD,
					D2E8487C1C6D420EF3F63F5C,
					9C70D26640BC078BC11B7968,
					12B870181757D0A656F6F4A1,
					F79A7704913D53B6BB42F70C,
					C0D98522372167F27FF2B3BA,
					80D7D9EEDD69A22F04FF53D0,
					FCBFE4DCF01172FDC6E56810,
					425E6554D4CAAF76F29322C5,
					0211764E5B8DEA6C6BBE4B6D,
					8111D442DA1170EB777A44C1,
					C40C476CEBBAAD8D01519A28, ); name = Frameworks; sourceTree = "<group>"; };
		2944C4CCD62B8E6DE7D180DD = {isa = PBXGroup; children = (
					4F7D0CF2B69052F28697E378,
					B8CD9E2F3F39050421D790E2, ); name = Products; sourceTree = "<group>"; };
		7CA16F2064E6AFCE20ED99FA = {isa = PBXGroup; children = (
					498C8D8123ED33CB60186A59,
					D46046FAE8C84409A6FEDE1D,
					89D3B60DC4F2E48F3FC81533,
					95E305872677155DE0F5C114,
					F46ACEE8DA151FFBCA3B38D4,
					09AD32D75E2FEFACE6F2D240,
					2944C4CCD62B8E6DE7D180DD, ); name = Source; sourceTree = "<group>"; };
		8F51E6C2761A09BF6081D05D = {isa = XCBuildConfiguration; buildSettings = {
				MACOSX_DEPLOYMENT_TARGET = 10.11; }; name = Debug; };
		5E100A59951DF90EEB5B3391 = {isa = XCBuildConfiguration; buildSettings = {
				MACOSX_DEPLOYMENT_TARGET = 10.11; }; name = Release; };
		9BE224A24BAA580BF3D4532A = {isa = XCBuildConfiguration; buildSettings = {
				CLANG_CXX_LANGUAGE_STANDARD = "c++14";
				CLANG_CXX_LIBRARY = "libc++";
				CLANG_LINK_OBJC_RUNTIME = NO;
				COMBINE_HIDPI_IMAGES = YES;
				CONFIGURATION_BUILD_DIR = "$(PROJECT_DIR)/build/$(CONFIGURATION)";
				COPY_PHASE_STRIP = NO;
				DEPLOYMENT_LOCATION = YES;
				DSTROOT = /;
				GCC_DYNAMIC_NO_PIC = NO;
				GCC_OPTIMIZATION_LEVEL = 0;
				GCC_PREPROCESSOR_DEFINITIONS = (
					"_DEBUG=1",
					"DEBUG=1",
					"JUCER_XCODE_MAC_F6D2F4CF=1",
					"JUCE_APP_VERSION=1.0.0",
					"JUCE_APP_VERSION_HEX=0x10000",
					"JucePlugin_Build_VST=1",
					"JucePlugin_Build_VST3=0",
					"JucePlugin_Build_AU=0",
					"JucePlugin_Build_AUv3=0",
					"JucePlugin_Build_RTAS=0",
					"JucePlugin_Build_AAX=0",
					"JucePlugin_Build_Standalone=0", );
				GCC_VERSION = com.apple.compilers.llvm.clang.1_0;
				GENERATE_PKGINFO_FILE = YES;
				HEADER_SEARCH_PATHS = ("../../JuceLibraryCode", "/Users/christian_white/Downloads/JUCE/modules", "/Users/christian_white/Downloads/JUCE/modules/juce_audio_plugin_client", "$(inherited)");
				INFOPLIST_FILE = Info-VST.plist;
				INFOPLIST_PREPROCESS = NO;
				INSTALL_PATH = "$(HOME)/Library/Audio/Plug-Ins/VST/";
				LIBRARY_STYLE = Bundle;
				MACOSX_DEPLOYMENT_TARGET = 10.11;
				MACOSX_DEPLOYMENT_TARGET_ppc = 10.4;
				OTHER_LDFLAGS = "-bundle -lSimpler";
				PRODUCT_BUNDLE_IDENTIFIER = com.yourcompany.Simpler;
				SDKROOT_ppc = macosx10.5;
				USE_HEADERMAP = NO;
				WRAPPER_EXTENSION = vst; }; name = Debug; };
		6A972F3EF7FBFD071F44995C = {isa = XCBuildConfiguration; buildSettings = {
				CLANG_CXX_LANGUAGE_STANDARD = "c++14";
				CLANG_CXX_LIBRARY = "libc++";
				CLANG_LINK_OBJC_RUNTIME = NO;
				COMBINE_HIDPI_IMAGES = YES;
				CONFIGURATION_BUILD_DIR = "$(PROJECT_DIR)/build/$(CONFIGURATION)";
				DEAD_CODE_STRIPPING = YES;
				DEPLOYMENT_LOCATION = YES;
				DSTROOT = /;
				GCC_GENERATE_DEBUGGING_SYMBOLS = NO;
				GCC_OPTIMIZATION_LEVEL = 3;
				GCC_PREPROCESSOR_DEFINITIONS = (
					"_NDEBUG=1",
					"NDEBUG=1",
					"JUCER_XCODE_MAC_F6D2F4CF=1",
					"JUCE_APP_VERSION=1.0.0",
					"JUCE_APP_VERSION_HEX=0x10000",
					"JucePlugin_Build_VST=1",
					"JucePlugin_Build_VST3=0",
					"JucePlugin_Build_AU=0",
					"JucePlugin_Build_AUv3=0",
					"JucePlugin_Build_RTAS=0",
					"JucePlugin_Build_AAX=0",
					"JucePlugin_Build_Standalone=0", );
				GCC_SYMBOLS_PRIVATE_EXTERN = YES;
				GCC_VERSION = com.apple.compilers.llvm.clang.1_0;
				GENERATE_PKGINFO_FILE = YES;
				HEADER_SEARCH_PATHS = ("../../JuceLibraryCode", "/Users/christian_white/Downloads/JUCE/modules", "/Users/christian_white/Downloads/JUCE/modules/juce_audio_plugin_client", "$(inherited)");
				INFOPLIST_FILE = Info-VST.plist;
				INFOPLIST_PREPROCESS = NO;
				INSTALL_PATH = "$(HOME)/Library/Audio/Plug-Ins/VST/";
				LIBRARY_STYLE = Bundle;
				LLVM_LTO = YES;
				MACOSX_DEPLOYMENT_TARGET = 10.11;
				MACOSX_DEPLOYMENT_TARGET_ppc = 10.4;
				OTHER_LDFLAGS = "-bundle -lSimpler";
				PRODUCT_BUNDLE_IDENTIFIER = com.yourcompany.Simpler;
				SDKROOT_ppc = macosx10.5;
				USE_HEADERMAP = NO;
				WRAPPER_EXTENSION = vst; }; name = Release; };
		64A16F0A8FCCF5ECF0A566B1 = {isa = XCBuildConfiguration; buildSettings = {
				CLANG_CXX_LANGUAGE_STANDARD = "c++14";
				CLANG_CXX_LIBRARY = "libc++";
				CLANG_LINK_OBJC_RUNTIME = NO;
				COMBINE_HIDPI_IMAGES = YES;
				CONFIGURATION_BUILD_DIR = "$(PROJECT_DIR)/build/$(CONFIGURATION)";
				COPY_PHASE_STRIP = NO;
				GCC_DYNAMIC_NO_PIC = NO;
				GCC_OPTIMIZATION_LEVEL = 0;
				GCC_PREPROCESSOR_DEFINITIONS = (
					"_DEBUG=1",
					"DEBUG=1",
					"JUCER_XCODE_MAC_F6D2F4CF=1",
					"JUCE_APP_VERSION=1.0.0",
					"JUCE_APP_VERSION_HEX=0x10000",
					"JucePlugin_Build_VST=1",
					"JucePlugin_Build_VST3=0",
					"JucePlugin_Build_AU=0",
					"JucePlugin_Build_AUv3=0",
					"JucePlugin_Build_RTAS=0",
					"JucePlugin_Build_AAX=0",
					"JucePlugin_Build_Standalone=0",
					"JUCE_SHARED_CODE=1", );
				GCC_VERSION = com.apple.compilers.llvm.clang.1_0;
				HEADER_SEARCH_PATHS = ("../../JuceLibraryCode", "/Users/christian_white/Downloads/JUCE/modules", "/Users/christian_white/Downloads/JUCE/modules/juce_audio_plugin_client", "$(inherited)");
				INSTALL_PATH = "@executable_path/../Frameworks";
				MACOSX_DEPLOYMENT_TARGET = 10.11;
				MACOSX_DEPLOYMENT_TARGET_ppc = 10.4;
				PRODUCT_BUNDLE_IDENTIFIER = com.yourcompany.Simpler;
				SDKROOT_ppc = macosx10.5;
				USE_HEADERMAP = NO; }; name = Debug; };
		3E51A3111D9686496D16A259 = {isa = XCBuildConfiguration; buildSettings = {
				CLANG_CXX_LANGUAGE_STANDARD = "c++14";
				CLANG_CXX_LIBRARY = "libc++";
				CLANG_LINK_OBJC_RUNTIME = NO;
				COMBINE_HIDPI_IMAGES = YES;
				CONFIGURATION_BUILD_DIR = "$(PROJECT_DIR)/build/$(CONFIGURATION)";
				DEAD_CODE_STRIPPING = YES;
				GCC_GENERATE_DEBUGGING_SYMBOLS = NO;
				GCC_OPTIMIZATION_LEVEL = 3;
				GCC_PREPROCESSOR_DEFINITIONS = (
					"_NDEBUG=1",
					"NDEBUG=1",
					"JUCER_XCODE_MAC_F6D2F4CF=1",
					"JUCE_APP_VERSION=1.0.0",
					"JUCE_APP_VERSION_HEX=0x10000",
					"JucePlugin_Build_VST=1",
					"JucePlugin_Build_VST3=0",
					"JucePlugin_Build_AU=0",
					"JucePlugin_Build_AUv3=0",
					"JucePlugin_Build_RTAS=0",
					"JucePlugin_Build_AAX=0",
					"JucePlugin_Build_Standalone=0",
					"JUCE_SHARED_CODE=1", );
				GCC_SYMBOLS_PRIVATE_EXTERN = YES;
				GCC_VERSION = com.apple.compilers.llvm.clang.1_0;
				HEADER_SEARCH_PATHS = ("../../JuceLibraryCode", "/Users/christian_white/Downloads/JUCE/modules", "/Users/christian_white/Downloads/JUCE/modules/juce_audio_plugin_client", "$(inherited)");
				INSTALL_PATH = "@executable_path/../Frameworks";
				LLVM_LTO = YES;
				MACOSX_DEPLOYMENT_TARGET = 10.11;
				MACOSX_DEPLOYMENT_TARGET_ppc = 10.4;
				PRODUCT_BUNDLE_IDENTIFIER = com.yourcompany.Simpler;
				SDKROOT_ppc = macosx10.5;
				USE_HEADERMAP = NO; }; name = Release; };
		7DBE29AE7EC1515FC5978EF7 = {isa = XCBuildConfiguration; buildSettings = {
				ALWAYS_SEARCH_USER_PATHS = NO;
				CLANG_WARN_BLOCK_CAPTURE_AUTORELEASING = YES;
				CLANG_WARN_BOOL_CONVERSION = YES;
				CLANG_WARN_COMMA = YES;
				CLANG_WARN_CONSTANT_CONVERSION = YES;
				CLANG_WARN_EMPTY_BODY = YES;
				CLANG_WARN_ENUM_CONVERSION = YES;
				CLANG_WARN_INFINITE_RECURSION = YES;
				CLANG_WARN_INT_CONVERSION = YES;
				CLANG_WARN_NON_LITERAL_NULL_CONVERSION = YES;
				CLANG_WARN_OBJC_LITERAL_CONVERSION = YES;
				CLANG_WARN_RANGE_LOOP_ANALYSIS = YES;
				CLANG_WARN_STRICT_PROTOTYPES = YES;
				CLANG_WARN_SUSPICIOUS_MOVE = YES;
				CLANG_WARN_UNREACHABLE_CODE = YES;
				CLANG_WARN__DUPLICATE_METHOD_MATCH = YES;
				DEBUG_INFORMATION_FORMAT = "dwarf";
				ENABLE_STRICT_OBJC_MSGSEND = YES;
				ENABLE_TESTABILITY = YES;
				GCC_C_LANGUAGE_STANDARD = c11;
				GCC_INLINES_ARE_PRIVATE_EXTERN = YES;
				GCC_MODEL_TUNING = G5;
				GCC_NO_COMMON_BLOCKS = YES;
				GCC_WARN_64_TO_32_BIT_CONVERSION = YES;
				GCC_WARN_ABOUT_RETURN_TYPE = YES;
				GCC_WARN_CHECK_SWITCH_STATEMENTS = YES;
				GCC_WARN_MISSING_PARENTHESES = YES;
				GCC_WARN_NON_VIRTUAL_DESTRUCTOR = YES;
				GCC_WARN_TYPECHECK_CALLS_TO_PRINTF = YES;
				GCC_WARN_UNDECLARED_SELECTOR = YES;
				GCC_WARN_UNINITIALIZED_AUTOS = YES;
				GCC_WARN_UNUSED_FUNCTION = YES;
				GCC_WARN_UNUSED_VARIABLE = YES;
				ONLY_ACTIVE_ARCH = YES;
				PRODUCT_NAME = "Simpler";
				WARNING_CFLAGS = -Wreorder;
				ZERO_LINK = NO; }; name = Debug; };
		884859ACE3603FB49F20C446 = {isa = XCBuildConfiguration; buildSettings = {
				ALWAYS_SEARCH_USER_PATHS = NO;
				CLANG_WARN_BLOCK_CAPTURE_AUTORELEASING = YES;
				CLANG_WARN_BOOL_CONVERSION = YES;
				CLANG_WARN_COMMA = YES;
				CLANG_WARN_CONSTANT_CONVERSION = YES;
				CLANG_WARN_EMPTY_BODY = YES;
				CLANG_WARN_ENUM_CONVERSION = YES;
				CLANG_WARN_INFINITE_RECURSION = YES;
				CLANG_WARN_INT_CONVERSION = YES;
				CLANG_WARN_NON_LITERAL_NULL_CONVERSION = YES;
				CLANG_WARN_OBJC_LITERAL_CONVERSION = YES;
				CLANG_WARN_RANGE_LOOP_ANALYSIS = YES;
				CLANG_WARN_STRICT_PROTOTYPES = YES;
				CLANG_WARN_SUSPICIOUS_MOVE = YES;
				CLANG_WARN_UNREACHABLE_CODE = YES;
				CLANG_WARN__DUPLICATE_METHOD_MATCH = YES;
				DEBUG_INFORMATION_FORMAT = "dwarf";
				ENABLE_STRICT_OBJC_MSGSEND = YES;
				GCC_C_LANGUAGE_STANDARD = c11;
				GCC_INLINES_ARE_PRIVATE_EXTERN = YES;
				GCC_MODEL_TUNING = G5;
				GCC_NO_COMMON_BLOCKS = YES;
				GCC_WARN_64_TO_32_BIT_CONVERSION = YES;
				GCC_WARN_ABOUT_RETURN_TYPE = YES;
				GCC_WARN_CHECK_SWITCH_STATEMENTS = YES;
				GCC_WARN_MISSING_PARENTHESES = YES;
				GCC_WARN_NON_VIRTUAL_DESTRUCTOR = YES;
				GCC_WARN_TYPECHECK_CALLS_TO_PRINTF = YES;
				GCC_WARN_UNDECLARED_SELECTOR = YES;
				GCC_WARN_UNINITIALIZED_AUTOS = YES;
				GCC_WARN_UNUSED_FUNCTION = YES;
				GCC_WARN_UNUSED_VARIABLE = YES;
				PRODUCT_NAME = "Simpler";
				WARNING_CFLAGS = -Wreorder;
				ZERO_LINK = NO; }; name = Release; };
		F65181CE231B38B8F3D8C6D4 = {isa = PBXTargetDependency; target = 00A43F56A1277562E278EAF9; };
		5575AA1E6B45ABBC46A58C32 = {isa = PBXTargetDependency; target = 1ED6D81880ABEAEC44B5C4FA; };
		56177DF6F4953963CB574D51 = {isa = XCConfigurationList; buildConfigurations = (
					7DBE29AE7EC1515FC5978EF7,
					884859ACE3603FB49F20C446, ); defaultConfigurationIsVisible = 0; defaultConfigurationName = Debug; };
		B18F1DA8AF4DB6D56DF9B792 = {isa = XCConfigurationList; buildConfigurations = (
					8F51E6C2761A09BF6081D05D,
					5E100A59951DF90EEB5B3391, ); defaultConfigurationIsVisible = 0; defaultConfigurationName = Debug; };
		A628CC371E4252E2D9222C52 = {isa = PBXAggregateTarget; buildConfigurationList = B18F1DA8AF4DB6D56DF9B792; buildPhases = (  ); buildRules = ( ); dependencies = (
					F65181CE231B38B8F3D8C6D4,
					5575AA1E6B45ABBC46A58C32, ); name = "Simpler - All"; productName = Simpler; };
		92B90BEEEFD64AEAD9F4DAAD = {isa = XCConfigurationList; buildConfigurations = (
					9BE224A24BAA580BF3D4532A,
					6A972F3EF7FBFD071F44995C, ); defaultConfigurationIsVisible = 0; defaultConfigurationName = Debug; };
		B3EB9D7E445017DC0FCD1A50 = {isa = PBXResourcesBuildPhase; buildActionMask = 2147483647; files = (
					8AA4A2206A9135E9B05C0A5A,
					EE28EDD916EBA99216BB7FF8, ); runOnlyForDeploymentPostprocessing = 0; };
		304D09FED089A07398F7EC65 = {isa = PBXSourcesBuildPhase; buildActionMask = 2147483647; files = (
					D7F53D13B614F5C46A7560ED, ); runOnlyForDeploymentPostprocessing = 0; };
		2FA9CEA702B011C49377D2EF = {isa = PBXFrameworksBuildPhase; buildActionMask = 2147483647; files = (
					E0B6CC6351F1D5D2011A3A11,
					C8B0A4060370A7A07B2965DE,
					78A4B5357A1C9733D35EE98D,
					ECA6B7F07D80E537B4003886,
					866F94F5FCECD60FE4E0BD5E,
					1CF017090EDDBCDAABFD033D,
					F0B293B009C48B6D3FACC603,
					052CF6C7AE9D18B4E92E3CD3,
					98319A08D5B175E7D67C9774,
					42B6A16E10C5D38A012E71EB,
					46BC67E8824D52DC498FE2FF,
					8756349EF9E45F4D8E88ADF4,
					44FEFFE85D44E3015A45BB29,
					3A7432A36A9DD5A1444603B5, ); runOnlyForDeploymentPostprocessing = 0; };
		00A43F56A1277562E278EAF9 = {isa = PBXNativeTarget; buildConfigurationList = 92B90BEEEFD64AEAD9F4DAAD; buildPhases = (
					B3EB9D7E445017DC0FCD1A50,
					304D09FED089A07398F7EC65,
					2FA9CEA702B011C49377D2EF, ); buildRules = ( ); dependencies = (
					5575AA1E6B45ABBC46A58C32, ); name = "Simpler - VST"; productName = Simpler; productReference = 4F7D0CF2B69052F28697E378; productType = "com.apple.product-type.bundle"; };
		9B4097D68A5A7C8A77DF5AAF = {isa = XCConfigurationList; buildConfigurations = (
					64A16F0A8FCCF5ECF0A566B1,
					3E51A3111D9686496D16A259, ); defaultConfigurationIsVisible = 0; defaultConfigurationName = Debug; };
		808DCDF9DAAEC901CADA9CAB = {isa = PBXSourcesBuildPhase; buildActionMask = 2147483647; files = (
					1C1F7FFBD2DA5C1EED426B83,
					7CC11F732B9D19F481E74D21,
					C82923DFD5CB384189753FD6,
					AF44FB4D7F972B5FE7742A91,
					C21CA4E31FDFD43C29EF162F,
					C2184AFC2D2CA7595638A945,
					1CE7DD5F794E05425932EE05,
					77A0A4784864E401C7E4ED63,
					C2B0EB52AB599B3F3E624AA5,
					F6DBE9182E63D32F6DB97864,
					AC630EF3827A80EBED8C08A7,
					BCD2F6ACC8FF6ECA0B2A9738,
					08B380457CDE54113B7CE72F,
					4689221A1FCE2679C09830F6,
					3D2AAD6C7034746C165FB3C1,
					ECB06B2F5CE4F14B11DBC275,
					52BEBC0FF11082FA4EFEB958,
					EF6F4B33271538F466A3BFEE,
					C86E63FCCBAB8A248E1E8B5F,
					6EE9E1F8D97884DD868C9EA1,
					AE0987FAC8C792525F2A8081,
					972B8A5EC576A8A0E49CF151, ); runOnlyForDeploymentPostprocessing = 0; };
		1ED6D81880ABEAEC44B5C4FA = {isa = PBXNativeTarget; buildConfigurationList = 9B4097D68A5A7C8A77DF5AAF; buildPhases = (
					808DCDF9DAAEC901CADA9CAB, ); buildRules = ( ); dependencies = (  ); name = "Simpler - Shared Code"; productName = Simpler; productReference = B8CD9E2F3F39050421D790E2; productType = "com.apple.product-type.library.static"; };
		3CED04082455BF17F58CCC51 = {isa = PBXProject; buildConfigurationList = 56177DF6F4953963CB574D51; attributes = { LastUpgradeCheck = 0930; ORGANIZATIONNAME = ""; TargetAttributes = { A628CC371E4252E2D9222C52 = { SystemCapabilities = {com.apple.ApplicationGroups.iOS = { enabled = 0; }; com.apple.InAppPurchase = { enabled = 0; }; com.apple.InterAppAudio = { enabled = 0; }; com.apple.Push = { enabled = 0; }; com.apple.Sandbox = { enabled = 0; }; }; };00A43F56A1277562E278EAF9 = { SystemCapabilities = {com.apple.ApplicationGroups.iOS = { enabled = 0; }; com.apple.InAppPurchase = { enabled = 0; }; com.apple.InterAppAudio = { enabled = 0; }; com.apple.Push = { enabled = 0; }; com.apple.Sandbox = { enabled = 0; }; }; };1ED6D81880ABEAEC44B5C4FA = { SystemCapabilities = {com.apple.ApplicationGroups.iOS = { enabled = 0; }; com.apple.InAppPurchase = { enabled = 0; }; com.apple.InterAppAudio = { enabled = 0; }; com.apple.Push = { enabled = 0; }; com.apple.Sandbox = { enabled = 0; }; }; }; }; }; compatibilityVersion = "Xcode 3.2"; hasScannedForEncodings = 0; mainGroup = 7CA16F2064E6AFCE20ED99FA; projectDirPath = ""; projectRoot = ""; targets = (A628CC371E4252E2D9222C52, 00A43F56A1277562E278EAF9, 1ED6D81880ABEAEC44B5C4FA); };
	};
	rootObject = 3CED04082455BF17F58CCC51;
}
